
Microsoft Visual Studio Solution File, Format Version 12.00
# Visual Studio Version 16
VisualStudioVersion = 16.0.30711.63
MinimumVisualStudioVersion = 10.0.40219.1
Project("{9A19103F-16F7-4668-BE54-9A1E7A4F7556}") = "PetCommunityson", "PetCommunity\PetCommunityson.csproj", "{5CE6D1ED-003F-4393-B772-BE3E3C76B969}"
EndProject
Global
	GlobalSection(SolutionConfigurationPlatforms) = preSolution
		Debug|Any CPU = Debug|Any CPU
		Release|Any CPU = Release|Any CPU
	EndGlobalSection
	GlobalSection(ProjectConfigurationPlatforms) = postSolution
		{5CE6D1ED-003F-4393-B772-BE3E3C76B969}.Debug|Any CPU.ActiveCfg = Debug|Any CPU
		{5CE6D1ED-003F-4393-B772-BE3E3C76B969}.Debug|Any CPU.Build.0 = Debug|Any CPU
		{5CE6D1ED-003F-4393-B772-BE3E3C76B969}.Release|Any CPU.ActiveCfg = Release|Any CPU
		{5CE6D1ED-003F-4393-B772-BE3E3C76B969}.Release|Any CPU.Build.0 = Release|Any CPU
	EndGlobalSection
	GlobalSection(SolutionProperties) = preSolution
		HideSolutionNode = FALSE
	EndGlobalSection
	GlobalSection(ExtensibilityGlobals) = postSolution
		SolutionGuid = {DBBE2D3B-7E7C-4BBE-AB77-F4A4D5391E8C}
	EndGlobalSection
EndGlobal
